
Microsoft Visual Studio Solution File, Format Version 12.00
# Visual Studio Version 16
VisualStudioVersion = 16.0.32413.511
MinimumVisualStudioVersion = 10.0.40219.1
Project("{FAE04EC0-301F-11D3-BF4B-00C04F79EFBC}") = "IndividualProjectPartA", "IndividualProjectPartA.csproj", "{DA9FE4C2-F9C4-4E48-8CDF-3292371402B8}"
EndProject
Global
	GlobalSection(SolutionConfigurationPlatforms) = preSolution
		Debug|Any CPU = Debug|Any CPU
		Release|Any CPU = Release|Any CPU
	EndGlobalSection
	GlobalSection(ProjectConfigurationPlatforms) = postSolution
		{DA9FE4C2-F9C4-4E48-8CDF-3292371402B8}.Debug|Any CPU.ActiveCfg = Debug|Any CPU
		{DA9FE4C2-F9C4-4E48-8CDF-3292371402B8}.Debug|Any CPU.Build.0 = Debug|Any CPU
		{DA9FE4C2-F9C4-4E48-8CDF-3292371402B8}.Release|Any CPU.ActiveCfg = Release|Any CPU
		{DA9FE4C2-F9C4-4E48-8CDF-3292371402B8}.Release|Any CPU.Build.0 = Release|Any CPU
	EndGlobalSection
	GlobalSection(SolutionProperties) = preSolution
		HideSolutionNode = FALSE
	EndGlobalSection
	GlobalSection(ExtensibilityGlobals) = postSolution
		SolutionGuid = {11202599-88F3-41DA-9261-65E5B740561A}
	EndGlobalSection
EndGlobal
